
Microsoft Visual Studio Solution File, Format Version 12.00
# Visual Studio Version 17
VisualStudioVersion = 17.13.35818.85 d17.13
MinimumVisualStudioVersion = 10.0.40219.1
Project("{D2ABAB84-BF74-430A-B69E-9DC6D40DDA17}") = "48K212_03_OLAP", "48K212_03_OLAP\48K212_03_OLAP.dwproj", "{E90C45C9-457D-8CD4-1CFF-7D64C6D5A264}"
EndProject
Global
	GlobalSection(SolutionConfigurationPlatforms) = preSolution
		Development|Default = Development|Default
	EndGlobalSection
	GlobalSection(ProjectConfigurationPlatforms) = postSolution
		{E90C45C9-457D-8CD4-1CFF-7D64C6D5A264}.Development|Default.ActiveCfg = Development
		{E90C45C9-457D-8CD4-1CFF-7D64C6D5A264}.Development|Default.Build.0 = Development
		{E90C45C9-457D-8CD4-1CFF-7D64C6D5A264}.Development|Default.Deploy.0 = Development
	EndGlobalSection
	GlobalSection(SolutionProperties) = preSolution
		HideSolutionNode = FALSE
	EndGlobalSection
	GlobalSection(ExtensibilityGlobals) = postSolution
		SolutionGuid = {DE986CEF-4769-4ABE-B12F-0A80B360F92A}
	EndGlobalSection
EndGlobal
