
Microsoft Visual Studio Solution File, Format Version 12.00
# Visual Studio Version 17
VisualStudioVersion = 17.12.35521.163 d17.12
MinimumVisualStudioVersion = 10.0.40219.1
Project("{C9674DCB-5085-4A16-B785-4C70DD1589BD}") = "48K212_03_ETL_Schema", "48K212_03_ETL_Schema\48K212_03_ETL_Schema.dtproj", "{CE868B14-40E2-4E43-A6E0-6E26B8FB5C64}"
EndProject
Global
	GlobalSection(SolutionConfigurationPlatforms) = preSolution
		Development|Default = Development|Default
	EndGlobalSection
	GlobalSection(ProjectConfigurationPlatforms) = postSolution
		{CE868B14-40E2-4E43-A6E0-6E26B8FB5C64}.Development|Default.ActiveCfg = Development
		{CE868B14-40E2-4E43-A6E0-6E26B8FB5C64}.Development|Default.Build.0 = Development
	EndGlobalSection
	GlobalSection(SolutionProperties) = preSolution
		HideSolutionNode = FALSE
	EndGlobalSection
EndGlobal
